// !$*UTF8*$!
{
	archiveVersion = 1;
	classes = {
	};
	objectVersion = 46;
	objects = {

/* Begin PBXBuildFile section */
		FE0BA2FA1AEC25DF00A29FC7 /* FilterViewController.swift in Sources */ = {isa = PBXBuildFile; fileRef = FE0BA2F91AEC25DF00A29FC7 /* FilterViewController.swift */; };
		FE0BA2FC1AEC313000A29FC7 /* FilterCell.swift in Sources */ = {isa = PBXBuildFile; fileRef = FE0BA2FB1AEC313000A29FC7 /* FilterCell.swift */; };
		FE573BB61B151ACE007CAEF6 /* FeedItem.swift in Sources */ = {isa = PBXBuildFile; fileRef = FE573BB51B151ACE007CAEF6 /* FeedItem.swift */; };
		FE5D6E731B0BDC2600431F8C /* FacebookSDK.framework in Frameworks */ = {isa = PBXBuildFile; fileRef = FE5D6E721B0BDC2600431F8C /* FacebookSDK.framework */; };
		FE95FCAF1ACB7C4100F90118 /* AppDelegate.swift in Sources */ = {isa = PBXBuildFile; fileRef = FE95FCAE1ACB7C4100F90118 /* AppDelegate.swift */; };
		FE95FCB21ACB7C4100F90118 /* ExchangeAGram.xcdatamodeld in Sources */ = {isa = PBXBuildFile; fileRef = FE95FCB01ACB7C4100F90118 /* ExchangeAGram.xcdatamodeld */; };
		FE95FCB71ACB7C4100F90118 /* Main.storyboard in Resources */ = {isa = PBXBuildFile; fileRef = FE95FCB51ACB7C4100F90118 /* Main.storyboard */; };
		FE95FCB91ACB7C4100F90118 /* Images.xcassets in Resources */ = {isa = PBXBuildFile; fileRef = FE95FCB81ACB7C4100F90118 /* Images.xcassets */; };
		FE95FCBC1ACB7C4100F90118 /* LaunchScreen.xib in Resources */ = {isa = PBXBuildFile; fileRef = FE95FCBA1ACB7C4100F90118 /* LaunchScreen.xib */; };
		FE95FCC81ACB7C4200F90118 /* ExchangeAGramTests.swift in Sources */ = {isa = PBXBuildFile; fileRef = FE95FCC71ACB7C4200F90118 /* ExchangeAGramTests.swift */; };
		FE95FCD21ACB7DDD00F90118 /* FeedViewController.swift in Sources */ = {isa = PBXBuildFile; fileRef = FE95FCD11ACB7DDD00F90118 /* FeedViewController.swift */; };
		FE95FCD41ACB7FD000F90118 /* FeedCell.swift in Sources */ = {isa = PBXBuildFile; fileRef = FE95FCD31ACB7FD000F90118 /* FeedCell.swift */; };
		FE95FCD61ACB816500F90118 /* MobileCoreServices.framework in Frameworks */ = {isa = PBXBuildFile; fileRef = FE95FCD51ACB816500F90118 /* MobileCoreServices.framework */; };
		FED47D431AF2D40900FC242E /* ProfileViewController.swift in Sources */ = {isa = PBXBuildFile; fileRef = FED47D421AF2D40900FC242E /* ProfileViewController.swift */; };
		FEDDC9F91B124603007D0304 /* MapViewController.swift in Sources */ = {isa = PBXBuildFile; fileRef = FEDDC9F81B124603007D0304 /* MapViewController.swift */; };
		FEDDC9FB1B1248B6007D0304 /* MapKit.framework in Frameworks */ = {isa = PBXBuildFile; fileRef = FEDDC9FA1B1248B6007D0304 /* MapKit.framework */; };
/* End PBXBuildFile section */

/* Begin PBXContainerItemProxy section */
		FE95FCC21ACB7C4200F90118 /* PBXContainerItemProxy */ = {
			isa = PBXContainerItemProxy;
			containerPortal = FE95FCA11ACB7C4100F90118 /* Project object */;
			proxyType = 1;
			remoteGlobalIDString = FE95FCA81ACB7C4100F90118;
			remoteInfo = ExchangeAGram;
		};
/* End PBXContainerItemProxy section */

/* Begin PBXFileReference section */
		FE0BA2F91AEC25DF00A29FC7 /* FilterViewController.swift */ = {isa = PBXFileReference; fileEncoding = 4; lastKnownFileType = sourcecode.swift; path = FilterViewController.swift; sourceTree = "<group>"; };
		FE0BA2FB1AEC313000A29FC7 /* FilterCell.swift */ = {isa = PBXFileReference; fileEncoding = 4; lastKnownFileType = sourcecode.swift; path = FilterCell.swift; sourceTree = "<group>"; };
		FE573BB51B151ACE007CAEF6 /* FeedItem.swift */ = {isa = PBXFileReference; fileEncoding = 4; lastKnownFileType = sourcecode.swift; path = FeedItem.swift; sourceTree = "<group>"; };
		FE5D6E721B0BDC2600431F8C /* FacebookSDK.framework */ = {isa = PBXFileReference; lastKnownFileType = wrapper.framework; name = FacebookSDK.framework; path = ../../../../Documents/FacebookSDK/FacebookSDK.framework; sourceTree = "<group>"; };
		FE5D6E741B0BDD8400431F8C /* Bridging-Header.h */ = {isa = PBXFileReference; lastKnownFileType = sourcecode.c.h; path = "Bridging-Header.h"; sourceTree = "<group>"; };
		FE95FCA91ACB7C4100F90118 /* ExchangeAGram.app */ = {isa = PBXFileReference; explicitFileType = wrapper.application; includeInIndex = 0; path = ExchangeAGram.app; sourceTree = BUILT_PRODUCTS_DIR; };
		FE95FCAD1ACB7C4100F90118 /* Info.plist */ = {isa = PBXFileReference; lastKnownFileType = text.plist.xml; path = Info.plist; sourceTree = "<group>"; };
		FE95FCAE1ACB7C4100F90118 /* AppDelegate.swift */ = {isa = PBXFileReference; lastKnownFileType = sourcecode.swift; path = AppDelegate.swift; sourceTree = "<group>"; };
		FE95FCB11ACB7C4100F90118 /* ExchangeAGram.xcdatamodel */ = {isa = PBXFileReference; lastKnownFileType = wrapper.xcdatamodel; path = ExchangeAGram.xcdatamodel; sourceTree = "<group>"; };
		FE95FCB61ACB7C4100F90118 /* Base */ = {isa = PBXFileReference; lastKnownFileType = file.storyboard; name = Base; path = Base.lproj/Main.storyboard; sourceTree = "<group>"; };
		FE95FCB81ACB7C4100F90118 /* Images.xcassets */ = {isa = PBXFileReference; lastKnownFileType = folder.assetcatalog; path = Images.xcassets; sourceTree = "<group>"; };
		FE95FCBB1ACB7C4100F90118 /* Base */ = {isa = PBXFileReference; lastKnownFileType = file.xib; name = Base; path = Base.lproj/LaunchScreen.xib; sourceTree = "<group>"; };
		FE95FCC11ACB7C4200F90118 /* ExchangeAGramTests.xctest */ = {isa = PBXFileReference; explicitFileType = wrapper.cfbundle; includeInIndex = 0; path = ExchangeAGramTests.xctest; sourceTree = BUILT_PRODUCTS_DIR; };
		FE95FCC61ACB7C4200F90118 /* Info.plist */ = {isa = PBXFileReference; lastKnownFileType = text.plist.xml; path = Info.plist; sourceTree = "<group>"; };
		FE95FCC71ACB7C4200F90118 /* ExchangeAGramTests.swift */ = {isa = PBXFileReference; lastKnownFileType = sourcecode.swift; path = ExchangeAGramTests.swift; sourceTree = "<group>"; };
		FE95FCD11ACB7DDD00F90118 /* FeedViewController.swift */ = {isa = PBXFileReference; fileEncoding = 4; lastKnownFileType = sourcecode.swift; path = FeedViewController.swift; sourceTree = "<group>"; };
		FE95FCD31ACB7FD000F90118 /* FeedCell.swift */ = {isa = PBXFileReference; fileEncoding = 4; lastKnownFileType = sourcecode.swift; path = FeedCell.swift; sourceTree = "<group>"; };
		FE95FCD51ACB816500F90118 /* MobileCoreServices.framework */ = {isa = PBXFileReference; lastKnownFileType = wrapper.framework; name = MobileCoreServices.framework; path = System/Library/Frameworks/MobileCoreServices.framework; sourceTree = SDKROOT; };
		FED47D421AF2D40900FC242E /* ProfileViewController.swift */ = {isa = PBXFileReference; fileEncoding = 4; lastKnownFileType = sourcecode.swift; path = ProfileViewController.swift; sourceTree = "<group>"; };
		FEDDC9F81B124603007D0304 /* MapViewController.swift */ = {isa = PBXFileReference; fileEncoding = 4; lastKnownFileType = sourcecode.swift; path = MapViewController.swift; sourceTree = "<group>"; };
		FEDDC9FA1B1248B6007D0304 /* MapKit.framework */ = {isa = PBXFileReference; lastKnownFileType = wrapper.framework; name = MapKit.framework; path = System/Library/Frameworks/MapKit.framework; sourceTree = SDKROOT; };
/* End PBXFileReference section */

/* Begin PBXFrameworksBuildPhase section */
		FE95FCA61ACB7C4100F90118 /* Frameworks */ = {
			isa = PBXFrameworksBuildPhase;
			buildActionMask = 2147483647;
			files = (
				FEDDC9FB1B1248B6007D0304 /* MapKit.framework in Frameworks */,
				FE95FCD61ACB816500F90118 /* MobileCoreServices.framework in Frameworks */,
				FE5D6E731B0BDC2600431F8C /* FacebookSDK.framework in Frameworks */,
			);
			runOnlyForDeploymentPostprocessing = 0;
		};
		FE95FCBE1ACB7C4200F90118 /* Frameworks */ = {
			isa = PBXFrameworksBuildPhase;
			buildActionMask = 2147483647;
			files = (
			);
			runOnlyForDeploymentPostprocessing = 0;
		};
/* End PBXFrameworksBuildPhase section */

/* Begin PBXGroup section */
		FE5000451AEEF1AE000B1069 /* Model */ = {
			isa = PBXGroup;
			children = (
				FE95FCB01ACB7C4100F90118 /* ExchangeAGram.xcdatamodeld */,
			);
			name = Model;
			sourceTree = "<group>";
		};
		FE95FCA01ACB7C4100F90118 = {
			isa = PBXGroup;
			children = (
				FE573BB51B151ACE007CAEF6 /* FeedItem.swift */,
				FE95FCAB1ACB7C4100F90118 /* ExchangeAGram */,
				FE95FCC41ACB7C4200F90118 /* ExchangeAGramTests */,
				FE95FCAA1ACB7C4100F90118 /* Products */,
			);
			sourceTree = "<group>";
		};
		FE95FCAA1ACB7C4100F90118 /* Products */ = {
			isa = PBXGroup;
			children = (
				FE95FCA91ACB7C4100F90118 /* ExchangeAGram.app */,
				FE95FCC11ACB7C4200F90118 /* ExchangeAGramTests.xctest */,
			);
			name = Products;
			sourceTree = "<group>";
		};
		FE95FCAB1ACB7C4100F90118 /* ExchangeAGram */ = {
			isa = PBXGroup;
			children = (
				FE95FCAE1ACB7C4100F90118 /* AppDelegate.swift */,
				FE95FCD11ACB7DDD00F90118 /* FeedViewController.swift */,
				FE0BA2F91AEC25DF00A29FC7 /* FilterViewController.swift */,
				FE95FCD31ACB7FD000F90118 /* FeedCell.swift */,
				FE0BA2FB1AEC313000A29FC7 /* FilterCell.swift */,
				FED47D421AF2D40900FC242E /* ProfileViewController.swift */,
				FEDDC9F81B124603007D0304 /* MapViewController.swift */,
				FE95FCB51ACB7C4100F90118 /* Main.storyboard */,
				FE5D6E741B0BDD8400431F8C /* Bridging-Header.h */,
				FE5000451AEEF1AE000B1069 /* Model */,
				FE95FCB81ACB7C4100F90118 /* Images.xcassets */,
				FE95FCBA1ACB7C4100F90118 /* LaunchScreen.xib */,
				FE95FCAC1ACB7C4100F90118 /* Supporting Files */,
			);
			path = ExchangeAGram;
			sourceTree = "<group>";
		};
		FE95FCAC1ACB7C4100F90118 /* Supporting Files */ = {
			isa = PBXGroup;
			children = (
				FEDDC9FA1B1248B6007D0304 /* MapKit.framework */,
				FE5D6E721B0BDC2600431F8C /* FacebookSDK.framework */,
				FE95FCD51ACB816500F90118 /* MobileCoreServices.framework */,
				FE95FCAD1ACB7C4100F90118 /* Info.plist */,
			);
			name = "Supporting Files";
			sourceTree = "<group>";
		};
		FE95FCC41ACB7C4200F90118 /* ExchangeAGramTests */ = {
			isa = PBXGroup;
			children = (
				FE95FCC71ACB7C4200F90118 /* ExchangeAGramTests.swift */,
				FE95FCC51ACB7C4200F90118 /* Supporting Files */,
			);
			path = ExchangeAGramTests;
			sourceTree = "<group>";
		};
		FE95FCC51ACB7C4200F90118 /* Supporting Files */ = {
			isa = PBXGroup;
			children = (
				FE95FCC61ACB7C4200F90118 /* Info.plist */,
			);
			name = "Supporting Files";
			sourceTree = "<group>";
		};
/* End PBXGroup section */

/* Begin PBXNativeTarget section */
		FE95FCA81ACB7C4100F90118 /* ExchangeAGram */ = {
			isa = PBXNativeTarget;
			buildConfigurationList = FE95FCCB1ACB7C4200F90118 /* Build configuration list for PBXNativeTarget "ExchangeAGram" */;
			buildPhases = (
				FE95FCA51ACB7C4100F90118 /* Sources */,
				FE95FCA61ACB7C4100F90118 /* Frameworks */,
				FE95FCA71ACB7C4100F90118 /* Resources */,
			);
			buildRules = (
			);
			dependencies = (
			);
			name = ExchangeAGram;
			productName = ExchangeAGram;
			productReference = FE95FCA91ACB7C4100F90118 /* ExchangeAGram.app */;
			productType = "com.apple.product-type.application";
		};
		FE95FCC01ACB7C4200F90118 /* ExchangeAGramTests */ = {
			isa = PBXNativeTarget;
			buildConfigurationList = FE95FCCE1ACB7C4200F90118 /* Build configuration list for PBXNativeTarget "ExchangeAGramTests" */;
			buildPhases = (
				FE95FCBD1ACB7C4200F90118 /* Sources */,
				FE95FCBE1ACB7C4200F90118 /* Frameworks */,
				FE95FCBF1ACB7C4200F90118 /* Resources */,
			);
			buildRules = (
			);
			dependencies = (
				FE95FCC31ACB7C4200F90118 /* PBXTargetDependency */,
			);
			name = ExchangeAGramTests;
			productName = ExchangeAGramTests;
			productReference = FE95FCC11ACB7C4200F90118 /* ExchangeAGramTests.xctest */;
			productType = "com.apple.product-type.bundle.unit-test";
		};
/* End PBXNativeTarget section */

/* Begin PBXProject section */
		FE95FCA11ACB7C4100F90118 /* Project object */ = {
			isa = PBXProject;
			attributes = {
				LastUpgradeCheck = 0620;
				ORGANIZATIONNAME = "Brett Wallace";
				TargetAttributes = {
					FE95FCA81ACB7C4100F90118 = {
						CreatedOnToolsVersion = 6.2;
					};
					FE95FCC01ACB7C4200F90118 = {
						CreatedOnToolsVersion = 6.2;
						TestTargetID = FE95FCA81ACB7C4100F90118;
					};
				};
			};
			buildConfigurationList = FE95FCA41ACB7C4100F90118 /* Build configuration list for PBXProject "ExchangeAGram" */;
			compatibilityVersion = "Xcode 3.2";
			developmentRegion = English;
			hasScannedForEncodings = 0;
			knownRegions = (
				en,
				Base,
			);
			mainGroup = FE95FCA01ACB7C4100F90118;
			productRefGroup = FE95FCAA1ACB7C4100F90118 /* Products */;
			projectDirPath = "";
			projectRoot = "";
			targets = (
				FE95FCA81ACB7C4100F90118 /* ExchangeAGram */,
				FE95FCC01ACB7C4200F90118 /* ExchangeAGramTests */,
			);
		};
/* End PBXProject section */

/* Begin PBXResourcesBuildPhase section */
		FE95FCA71ACB7C4100F90118 /* Resources */ = {
			isa = PBXResourcesBuildPhase;
			buildActionMask = 2147483647;
			files = (
				FE95FCB71ACB7C4100F90118 /* Main.storyboard in Resources */,
				FE95FCBC1ACB7C4100F90118 /* LaunchScreen.xib in Resources */,
				FE95FCB91ACB7C4100F90118 /* Images.xcassets in Resources */,
			);
			runOnlyForDeploymentPostprocessing = 0;
		};
		FE95FCBF1ACB7C4200F90118 /* Resources */ = {
			isa = PBXResourcesBuildPhase;
			buildActionMask = 2147483647;
			files = (
			);
			runOnlyForDeploymentPostprocessing = 0;
		};
/* End PBXResourcesBuildPhase section */

/* Begin PBXSourcesBuildPhase section */
		FE95FCA51ACB7C4100F90118 /* Sources */ = {
			isa = PBXSourcesBuildPhase;
			buildActionMask = 2147483647;
			files = (
				FE0BA2FC1AEC313000A29FC7 /* FilterCell.swift in Sources */,
				FE0BA2FA1AEC25DF00A29FC7 /* FilterViewController.swift in Sources */,
				FE95FCAF1ACB7C4100F90118 /* AppDelegate.swift in Sources */,
				FE95FCD41ACB7FD000F90118 /* FeedCell.swift in Sources */,
				FEDDC9F91B124603007D0304 /* MapViewController.swift in Sources */,
				FE573BB61B151ACE007CAEF6 /* FeedItem.swift in Sources */,
				FE95FCD21ACB7DDD00F90118 /* FeedViewController.swift in Sources */,
				FED47D431AF2D40900FC242E /* ProfileViewController.swift in Sources */,
				FE95FCB21ACB7C4100F90118 /* ExchangeAGram.xcdatamodeld in Sources */,
			);
			runOnlyForDeploymentPostprocessing = 0;
		};
		FE95FCBD1ACB7C4200F90118 /* Sources */ = {
			isa = PBXSourcesBuildPhase;
			buildActionMask = 2147483647;
			files = (
				FE95FCC81ACB7C4200F90118 /* ExchangeAGramTests.swift in Sources */,
			);
			runOnlyForDeploymentPostprocessing = 0;
		};
/* End PBXSourcesBuildPhase section */

/* Begin PBXTargetDependency section */
		FE95FCC31ACB7C4200F90118 /* PBXTargetDependency */ = {
			isa = PBXTargetDependency;
			target = FE95FCA81ACB7C4100F90118 /* ExchangeAGram */;
			targetProxy = FE95FCC21ACB7C4200F90118 /* PBXContainerItemProxy */;
		};
/* End PBXTargetDependency section */

/* Begin PBXVariantGroup section */
		FE95FCB51ACB7C4100F90118 /* Main.storyboard */ = {
			isa = PBXVariantGroup;
			children = (
				FE95FCB61ACB7C4100F90118 /* Base */,
			);
			name = Main.storyboard;
			sourceTree = "<group>";
		};
		FE95FCBA1ACB7C4100F90118 /* LaunchScreen.xib */ = {
			isa = PBXVariantGroup;
			children = (
				FE95FCBB1ACB7C4100F90118 /* Base */,
			);
			name = LaunchScreen.xib;
			sourceTree = "<group>";
		};
/* End PBXVariantGroup section */

/* Begin XCBuildConfiguration section */
		FE95FCC91ACB7C4200F90118 /* Debug */ = {
			isa = XCBuildConfiguration;
			buildSettings = {
				ALWAYS_SEARCH_USER_PATHS = NO;
				CLANG_CXX_LANGUAGE_STANDARD = "gnu++0x";
				CLANG_CXX_LIBRARY = "libc++";
				CLANG_ENABLE_MODULES = YES;
				CLANG_ENABLE_OBJC_ARC = YES;
				CLANG_WARN_BOOL_CONVERSION = YES;
				CLANG_WARN_CONSTANT_CONVERSION = YES;
				CLANG_WARN_DIRECT_OBJC_ISA_USAGE = YES_ERROR;
				CLANG_WARN_EMPTY_BODY = YES;
				CLANG_WARN_ENUM_CONVERSION = YES;
				CLANG_WARN_INT_CONVERSION = YES;
				CLANG_WARN_OBJC_ROOT_CLASS = YES_ERROR;
				CLANG_WARN_UNREACHABLE_CODE = YES;
				CLANG_WARN__DUPLICATE_METHOD_MATCH = YES;
				"CODE_SIGN_IDENTITY[sdk=iphoneos*]" = "iPhone Developer";
				COPY_PHASE_STRIP = NO;
				ENABLE_STRICT_OBJC_MSGSEND = YES;
				GCC_C_LANGUAGE_STANDARD = gnu99;
				GCC_DYNAMIC_NO_PIC = NO;
				GCC_OPTIMIZATION_LEVEL = 0;
				GCC_PREPROCESSOR_DEFINITIONS = (
					"DEBUG=1",
					"$(inherited)",
				);
				GCC_SYMBOLS_PRIVATE_EXTERN = NO;
				GCC_WARN_64_TO_32_BIT_CONVERSION = YES;
				GCC_WARN_ABOUT_RETURN_TYPE = YES_ERROR;
				GCC_WARN_UNDECLARED_SELECTOR = YES;
				GCC_WARN_UNINITIALIZED_AUTOS = YES_AGGRESSIVE;
				GCC_WARN_UNUSED_FUNCTION = YES;
				GCC_WARN_UNUSED_VARIABLE = YES;
				IPHONEOS_DEPLOYMENT_TARGET = 8.2;
				MTL_ENABLE_DEBUG_INFO = YES;
				ONLY_ACTIVE_ARCH = YES;
				SDKROOT = iphoneos;
				SWIFT_OPTIMIZATION_LEVEL = "-Onone";
				TARGETED_DEVICE_FAMILY = "1,2";
			};
			name = Debug;
		};
		FE95FCCA1ACB7C4200F90118 /* Release */ = {
			isa = XCBuildConfiguration;
			buildSettings = {
				ALWAYS_SEARCH_USER_PATHS = NO;
				CLANG_CXX_LANGUAGE_STANDARD = "gnu++0x";
				CLANG_CXX_LIBRARY = "libc++";
				CLANG_ENABLE_MODULES = YES;
				CLANG_ENABLE_OBJC_ARC = YES;
				CLANG_WARN_BOOL_CONVERSION = YES;
				CLANG_WARN_CONSTANT_CONVERSION = YES;
				CLANG_WARN_DIRECT_OBJC_ISA_USAGE = YES_ERROR;
				CLANG_WARN_EMPTY_BODY = YES;
				CLANG_WARN_ENUM_CONVERSION = YES;
				CLANG_WARN_INT_CONVERSION = YES;
				CLANG_WARN_OBJC_ROOT_CLASS = YES_ERROR;
				CLANG_WARN_UNREACHABLE_CODE = YES;
				CLANG_WARN__DUPLICATE_METHOD_MATCH = YES;
				"CODE_SIGN_IDENTITY[sdk=iphoneos*]" = "iPhone Developer";
				COPY_PHASE_STRIP = NO;
				ENABLE_NS_ASSERTIONS = NO;
				ENABLE_STRICT_OBJC_MSGSEND = YES;
				GCC_C_LANGUAGE_STANDARD = gnu99;
				GCC_WARN_64_TO_32_BIT_CONVERSION = YES;
				GCC_WARN_ABOUT_RETURN_TYPE = YES_ERROR;
				GCC_WARN_UNDECLARED_SELECTOR = YES;
				GCC_WARN_UNINITIALIZED_AUTOS = YES_AGGRESSIVE;
				GCC_WARN_UNUSED_FUNCTION = YES;
				GCC_WARN_UNUSED_VARIABLE = YES;
				IPHONEOS_DEPLOYMENT_TARGET = 8.2;
				MTL_ENABLE_DEBUG_INFO = NO;
				SDKROOT = iphoneos;
				TARGETED_DEVICE_FAMILY = "1,2";
				VALIDATE_PRODUCT = YES;
			};
			name = Release;
		};
		FE95FCCC1ACB7C4200F90118 /* Debug */ = {
			isa = XCBuildConfiguration;
			buildSettings = {
				ASSETCATALOG_COMPILER_APPICON_NAME = AppIcon;
				FRAMEWORK_SEARCH_PATHS = (
					"$(inherited)",
					/Users/brettwallace/Documents/FacebookSDK,
				);
				INFOPLIST_FILE = ExchangeAGram/Info.plist;
				LD_RUNPATH_SEARCH_PATHS = "$(inherited) @executable_path/Frameworks";
				PRODUCT_NAME = "$(TARGET_NAME)";
				SWIFT_OBJC_BRIDGING_HEADER = "ExchangeAGram/Bridging-Header.h";
			};
			name = Debug;
		};
		FE95FCCD1ACB7C4200F90118 /* Release */ = {
			isa = XCBuildConfiguration;
			buildSettings = {
				ASSETCATALOG_COMPILER_APPICON_NAME = AppIcon;
				FRAMEWORK_SEARCH_PATHS = (
					"$(inherited)",
					/Users/brettwallace/Documents/FacebookSDK,
				);
				INFOPLIST_FILE = ExchangeAGram/Info.plist;
				LD_RUNPATH_SEARCH_PATHS = "$(inherited) @executable_path/Frameworks";
				PRODUCT_NAME = "$(TARGET_NAME)";
				SWIFT_OBJC_BRIDGING_HEADER = "ExchangeAGram/Bridging-Header.h";
			};
			name = Release;
		};
		FE95FCCF1ACB7C4200F90118 /* Debug */ = {
			isa = XCBuildConfiguration;
			buildSettings = {
				BUNDLE_LOADER = "$(TEST_HOST)";
				FRAMEWORK_SEARCH_PATHS = (
					"$(SDKROOT)/Developer/Library/Frameworks",
					"$(inherited)",
				);
				GCC_PREPROCESSOR_DEFINITIONS = (
					"DEBUG=1",
					"$(inherited)",
				);
				INFOPLIST_FILE = ExchangeAGramTests/Info.plist;
				LD_RUNPATH_SEARCH_PATHS = "$(inherited) @executable_path/Frameworks @loader_path/Frameworks";
				PRODUCT_NAME = "$(TARGET_NAME)";
				TEST_HOST = "$(BUILT_PRODUCTS_DIR)/ExchangeAGram.app/ExchangeAGram";
			};
			name = Debug;
		};
		FE95FCD01ACB7C4200F90118 /* Release */ = {
			isa = XCBuildConfiguration;
			buildSettings = {
				BUNDLE_LOADER = "$(TEST_HOST)";
				FRAMEWORK_SEARCH_PATHS = (
					"$(SDKROOT)/Developer/Library/Frameworks",
					"$(inherited)",
				);
				INFOPLIST_FILE = ExchangeAGramTests/Info.plist;
				LD_RUNPATH_SEARCH_PATHS = "$(inherited) @executable_path/Frameworks @loader_path/Frameworks";
				PRODUCT_NAME = "$(TARGET_NAME)";
				TEST_HOST = "$(BUILT_PRODUCTS_DIR)/ExchangeAGram.app/ExchangeAGram";
			};
			name = Release;
		};
/* End XCBuildConfiguration section */

/* Begin XCConfigurationList section */
		FE95FCA41ACB7C4100F90118 /* Build configuration list for PBXProject "ExchangeAGram" */ = {
			isa = XCConfigurationList;
			buildConfigurations = (
				FE95FCC91ACB7C4200F90118 /* Debug */,
				FE95FCCA1ACB7C4200F90118 /* Release */,
			);
			defaultConfigurationIsVisible = 0;
			defaultConfigurationName = Release;
		};
		FE95FCCB1ACB7C4200F90118 /* Build configuration list for PBXNativeTarget "ExchangeAGram" */ = {
			isa = XCConfigurationList;
			buildConfigurations = (
				FE95FCCC1ACB7C4200F90118 /* Debug */,
				FE95FCCD1ACB7C4200F90118 /* Release */,
			);
			defaultConfigurationIsVisible = 0;
			defaultConfigurationName = Release;
		};
		FE95FCCE1ACB7C4200F90118 /* Build configuration list for PBXNativeTarget "ExchangeAGramTests" */ = {
			isa = XCConfigurationList;
			buildConfigurations = (
				FE95FCCF1ACB7C4200F90118 /* Debug */,
				FE95FCD01ACB7C4200F90118 /* Release */,
			);
			defaultConfigurationIsVisible = 0;
			defaultConfigurationName = Release;
		};
/* End XCConfigurationList section */

/* Begin XCVersionGroup section */
		FE95FCB01ACB7C4100F90118 /* ExchangeAGram.xcdatamodeld */ = {
			isa = XCVersionGroup;
			children = (
				FE95FCB11ACB7C4100F90118 /* ExchangeAGram.xcdatamodel */,
			);
			currentVersion = FE95FCB11ACB7C4100F90118 /* ExchangeAGram.xcdatamodel */;
			path = ExchangeAGram.xcdatamodeld;
			sourceTree = "<group>";
			versionGroupType = wrapper.xcdatamodel;
		};
/* End XCVersionGroup section */
	};
	rootObject = FE95FCA11ACB7C4100F90118 /* Project object */;
}
